
Microsoft Visual Studio Solution File, Format Version 12.00
# Visual Studio 2012
Project("{FAE04EC0-301F-11D3-BF4B-00C04F79EFBC}") = "cms.web", "cms\cms.web.csproj", "{DE7729CE-0050-4798-A6BA-A1E3ED191195}"
EndProject
Project("{FAE04EC0-301F-11D3-BF4B-00C04F79EFBC}") = "cms.data", "cms.data\cms.data.csproj", "{815F85FC-179F-4817-9634-8CE3C1FF5CE2}"
EndProject
Project("{FAE04EC0-301F-11D3-BF4B-00C04F79EFBC}") = "cms.data.tests", "cms.data.tests\cms.data.tests.csproj", "{6FB51109-0F29-451A-8C81-0DCBAC66E158}"
EndProject
Project("{FAE04EC0-301F-11D3-BF4B-00C04F79EFBC}") = "cms.web.tests", "cmd.web.tests\cms.web.tests.csproj", "{CDD4B134-F56D-4F66-8581-FCE5A52E5087}"
EndProject
Project("{FAE04EC0-301F-11D3-BF4B-00C04F79EFBC}") = "cms.shared", "cms.shared\cms.shared.csproj", "{D1A23BEB-46D6-47A9-AE9D-D369A5134050}"
EndProject
Global
	GlobalSection(SolutionConfigurationPlatforms) = preSolution
		Debug|Any CPU = Debug|Any CPU
		ladesoAsponeDebug|Any CPU = ladesoAsponeDebug|Any CPU
		Release|Any CPU = Release|Any CPU
	EndGlobalSection
	GlobalSection(ProjectConfigurationPlatforms) = postSolution
		{DE7729CE-0050-4798-A6BA-A1E3ED191195}.Debug|Any CPU.ActiveCfg = Debug|Any CPU
		{DE7729CE-0050-4798-A6BA-A1E3ED191195}.Debug|Any CPU.Build.0 = Debug|Any CPU
		{DE7729CE-0050-4798-A6BA-A1E3ED191195}.ladesoAsponeDebug|Any CPU.ActiveCfg = ladesoAsponeDebug|Any CPU
		{DE7729CE-0050-4798-A6BA-A1E3ED191195}.ladesoAsponeDebug|Any CPU.Build.0 = ladesoAsponeDebug|Any CPU
		{DE7729CE-0050-4798-A6BA-A1E3ED191195}.Release|Any CPU.ActiveCfg = Release|Any CPU
		{DE7729CE-0050-4798-A6BA-A1E3ED191195}.Release|Any CPU.Build.0 = Release|Any CPU
		{815F85FC-179F-4817-9634-8CE3C1FF5CE2}.Debug|Any CPU.ActiveCfg = Debug|Any CPU
		{815F85FC-179F-4817-9634-8CE3C1FF5CE2}.Debug|Any CPU.Build.0 = Debug|Any CPU
		{815F85FC-179F-4817-9634-8CE3C1FF5CE2}.ladesoAsponeDebug|Any CPU.ActiveCfg = ladesoAsponeDebug|Any CPU
		{815F85FC-179F-4817-9634-8CE3C1FF5CE2}.ladesoAsponeDebug|Any CPU.Build.0 = ladesoAsponeDebug|Any CPU
		{815F85FC-179F-4817-9634-8CE3C1FF5CE2}.Release|Any CPU.ActiveCfg = Release|Any CPU
		{815F85FC-179F-4817-9634-8CE3C1FF5CE2}.Release|Any CPU.Build.0 = Release|Any CPU
		{6FB51109-0F29-451A-8C81-0DCBAC66E158}.Debug|Any CPU.ActiveCfg = Debug|Any CPU
		{6FB51109-0F29-451A-8C81-0DCBAC66E158}.Debug|Any CPU.Build.0 = Debug|Any CPU
		{6FB51109-0F29-451A-8C81-0DCBAC66E158}.ladesoAsponeDebug|Any CPU.ActiveCfg = ladesoAsponeDebug|Any CPU
		{6FB51109-0F29-451A-8C81-0DCBAC66E158}.ladesoAsponeDebug|Any CPU.Build.0 = ladesoAsponeDebug|Any CPU
		{6FB51109-0F29-451A-8C81-0DCBAC66E158}.Release|Any CPU.ActiveCfg = Release|Any CPU
		{6FB51109-0F29-451A-8C81-0DCBAC66E158}.Release|Any CPU.Build.0 = Release|Any CPU
		{CDD4B134-F56D-4F66-8581-FCE5A52E5087}.Debug|Any CPU.ActiveCfg = Debug|Any CPU
		{CDD4B134-F56D-4F66-8581-FCE5A52E5087}.Debug|Any CPU.Build.0 = Debug|Any CPU
		{CDD4B134-F56D-4F66-8581-FCE5A52E5087}.ladesoAsponeDebug|Any CPU.ActiveCfg = ladesoAsponeDebug|Any CPU
		{CDD4B134-F56D-4F66-8581-FCE5A52E5087}.ladesoAsponeDebug|Any CPU.Build.0 = ladesoAsponeDebug|Any CPU
		{CDD4B134-F56D-4F66-8581-FCE5A52E5087}.Release|Any CPU.ActiveCfg = Release|Any CPU
		{CDD4B134-F56D-4F66-8581-FCE5A52E5087}.Release|Any CPU.Build.0 = Release|Any CPU
		{D1A23BEB-46D6-47A9-AE9D-D369A5134050}.Debug|Any CPU.ActiveCfg = Debug|Any CPU
		{D1A23BEB-46D6-47A9-AE9D-D369A5134050}.Debug|Any CPU.Build.0 = Debug|Any CPU
		{D1A23BEB-46D6-47A9-AE9D-D369A5134050}.ladesoAsponeDebug|Any CPU.ActiveCfg = ladesoAsponeDebug|Any CPU
		{D1A23BEB-46D6-47A9-AE9D-D369A5134050}.ladesoAsponeDebug|Any CPU.Build.0 = ladesoAsponeDebug|Any CPU
		{D1A23BEB-46D6-47A9-AE9D-D369A5134050}.Release|Any CPU.ActiveCfg = Release|Any CPU
		{D1A23BEB-46D6-47A9-AE9D-D369A5134050}.Release|Any CPU.Build.0 = Release|Any CPU
	EndGlobalSection
	GlobalSection(SolutionProperties) = preSolution
		HideSolutionNode = FALSE
	EndGlobalSection
EndGlobal
